
Microsoft Visual Studio Solution File, Format Version 12.00
# Visual Studio 15
VisualStudioVersion = 15.0.28307.489
MinimumVisualStudioVersion = 10.0.40219.1
Project("{FAE04EC0-301F-11D3-BF4B-00C04F79EFBC}") = "Carros", "Carros.csproj", "{FEE991D8-D154-45BE-B20D-036392C68EA5}"
EndProject
Project("{2150E333-8FDC-42A3-9474-1A3956D46DE8}") = "1-Dominio", "1-Dominio", "{C1479D9D-CC75-4890-B010-AB94676A4A71}"
EndProject
Project("{2150E333-8FDC-42A3-9474-1A3956D46DE8}") = "2-Servico", "2-Servico", "{F2624EA6-4C93-4C86-AA99-23FEC7AFDF26}"
EndProject
Project("{2150E333-8FDC-42A3-9474-1A3956D46DE8}") = "3-Infra", "3-Infra", "{6CDEF4D7-52E2-46FE-9393-21EC68820EA4}"
EndProject
Project("{FAE04EC0-301F-11D3-BF4B-00C04F79EFBC}") = "Carros.Infra", "Carros.Infra\Carros.Infra.csproj", "{EF2013A4-2A0C-4DB4-9873-0DFECF0920F9}"
EndProject
Project("{FAE04EC0-301F-11D3-BF4B-00C04F79EFBC}") = "Carros.Dominio", "..\Carros.Dominio\Carros.Dominio.csproj", "{9A90CB6B-0DD6-4AC8-BE8F-C594AAE4F664}"
EndProject
Project("{FAE04EC0-301F-11D3-BF4B-00C04F79EFBC}") = "Carros.Servico", "Servico\Carros.Servico.csproj", "{8CC0689E-AB8A-483E-9B52-BE0983CE7C7E}"
EndProject
Project("{2150E333-8FDC-42A3-9474-1A3956D46DE8}") = "4-Comum", "4-Comum", "{EBF9B960-9849-430B-98E1-17067D6C9270}"
EndProject
Project("{FAE04EC0-301F-11D3-BF4B-00C04F79EFBC}") = "Carros.Comum", "..\Carros.Comum\Carros.Comum.csproj", "{94327FC6-054C-4E22-B5BD-1E50553D6520}"
EndProject
Project("{9A19103F-16F7-4668-BE54-9A1E7A4F7556}") = "Carros.InfraEFCor", "..\Carros.InfraEFCor\Carros.InfraEFCor.csproj", "{8ADF73FA-C99A-4208-8FE5-055777BFE490}"
EndProject
Project("{2150E333-8FDC-42A3-9474-1A3956D46DE8}") = "5-CrossPlataform", "5-CrossPlataform", "{93A59772-6D27-4F6B-A809-208F5F4A2B97}"
EndProject
Project("{FAE04EC0-301F-11D3-BF4B-00C04F79EFBC}") = "Carros.CrosPlataform", "Carros.CrosPlataform\Carros.CrosPlataform.csproj", "{2072D985-E6A1-482A-A0FB-375F6A1B3B2E}"
EndProject
Project("{2150E333-8FDC-42A3-9474-1A3956D46DE8}") = "6-Temp", "6-Temp", "{FB891E03-B63B-4BE7-946F-49E98526A939}"
EndProject
Project("{FAE04EC0-301F-11D3-BF4B-00C04F79EFBC}") = "TesteCore", "..\TesteCore\TesteCore.csproj", "{586C767B-F205-465F-8212-0508444A0283}"
EndProject
Global
	GlobalSection(SolutionConfigurationPlatforms) = preSolution
		Debug|Any CPU = Debug|Any CPU
		Release|Any CPU = Release|Any CPU
	EndGlobalSection
	GlobalSection(ProjectConfigurationPlatforms) = postSolution
		{FEE991D8-D154-45BE-B20D-036392C68EA5}.Debug|Any CPU.ActiveCfg = Debug|Any CPU
		{FEE991D8-D154-45BE-B20D-036392C68EA5}.Debug|Any CPU.Build.0 = Debug|Any CPU
		{FEE991D8-D154-45BE-B20D-036392C68EA5}.Release|Any CPU.ActiveCfg = Release|Any CPU
		{FEE991D8-D154-45BE-B20D-036392C68EA5}.Release|Any CPU.Build.0 = Release|Any CPU
		{EF2013A4-2A0C-4DB4-9873-0DFECF0920F9}.Debug|Any CPU.ActiveCfg = Debug|Any CPU
		{EF2013A4-2A0C-4DB4-9873-0DFECF0920F9}.Debug|Any CPU.Build.0 = Debug|Any CPU
		{EF2013A4-2A0C-4DB4-9873-0DFECF0920F9}.Release|Any CPU.ActiveCfg = Release|Any CPU
		{EF2013A4-2A0C-4DB4-9873-0DFECF0920F9}.Release|Any CPU.Build.0 = Release|Any CPU
		{9A90CB6B-0DD6-4AC8-BE8F-C594AAE4F664}.Debug|Any CPU.ActiveCfg = Debug|Any CPU
		{9A90CB6B-0DD6-4AC8-BE8F-C594AAE4F664}.Debug|Any CPU.Build.0 = Debug|Any CPU
		{9A90CB6B-0DD6-4AC8-BE8F-C594AAE4F664}.Release|Any CPU.ActiveCfg = Release|Any CPU
		{9A90CB6B-0DD6-4AC8-BE8F-C594AAE4F664}.Release|Any CPU.Build.0 = Release|Any CPU
		{8CC0689E-AB8A-483E-9B52-BE0983CE7C7E}.Debug|Any CPU.ActiveCfg = Debug|Any CPU
		{8CC0689E-AB8A-483E-9B52-BE0983CE7C7E}.Debug|Any CPU.Build.0 = Debug|Any CPU
		{8CC0689E-AB8A-483E-9B52-BE0983CE7C7E}.Release|Any CPU.ActiveCfg = Release|Any CPU
		{8CC0689E-AB8A-483E-9B52-BE0983CE7C7E}.Release|Any CPU.Build.0 = Release|Any CPU
		{94327FC6-054C-4E22-B5BD-1E50553D6520}.Debug|Any CPU.ActiveCfg = Debug|Any CPU
		{94327FC6-054C-4E22-B5BD-1E50553D6520}.Debug|Any CPU.Build.0 = Debug|Any CPU
		{94327FC6-054C-4E22-B5BD-1E50553D6520}.Release|Any CPU.ActiveCfg = Release|Any CPU
		{94327FC6-054C-4E22-B5BD-1E50553D6520}.Release|Any CPU.Build.0 = Release|Any CPU
		{8ADF73FA-C99A-4208-8FE5-055777BFE490}.Debug|Any CPU.ActiveCfg = Debug|Any CPU
		{8ADF73FA-C99A-4208-8FE5-055777BFE490}.Debug|Any CPU.Build.0 = Debug|Any CPU
		{8ADF73FA-C99A-4208-8FE5-055777BFE490}.Release|Any CPU.ActiveCfg = Release|Any CPU
		{8ADF73FA-C99A-4208-8FE5-055777BFE490}.Release|Any CPU.Build.0 = Release|Any CPU
		{2072D985-E6A1-482A-A0FB-375F6A1B3B2E}.Debug|Any CPU.ActiveCfg = Debug|Any CPU
		{2072D985-E6A1-482A-A0FB-375F6A1B3B2E}.Debug|Any CPU.Build.0 = Debug|Any CPU
		{2072D985-E6A1-482A-A0FB-375F6A1B3B2E}.Release|Any CPU.ActiveCfg = Release|Any CPU
		{2072D985-E6A1-482A-A0FB-375F6A1B3B2E}.Release|Any CPU.Build.0 = Release|Any CPU
		{586C767B-F205-465F-8212-0508444A0283}.Debug|Any CPU.ActiveCfg = Debug|Any CPU
		{586C767B-F205-465F-8212-0508444A0283}.Debug|Any CPU.Build.0 = Debug|Any CPU
		{586C767B-F205-465F-8212-0508444A0283}.Release|Any CPU.ActiveCfg = Release|Any CPU
		{586C767B-F205-465F-8212-0508444A0283}.Release|Any CPU.Build.0 = Release|Any CPU
	EndGlobalSection
	GlobalSection(SolutionProperties) = preSolution
		HideSolutionNode = FALSE
	EndGlobalSection
	GlobalSection(NestedProjects) = preSolution
		{EF2013A4-2A0C-4DB4-9873-0DFECF0920F9} = {6CDEF4D7-52E2-46FE-9393-21EC68820EA4}
		{9A90CB6B-0DD6-4AC8-BE8F-C594AAE4F664} = {C1479D9D-CC75-4890-B010-AB94676A4A71}
		{8CC0689E-AB8A-483E-9B52-BE0983CE7C7E} = {F2624EA6-4C93-4C86-AA99-23FEC7AFDF26}
		{94327FC6-054C-4E22-B5BD-1E50553D6520} = {EBF9B960-9849-430B-98E1-17067D6C9270}
		{8ADF73FA-C99A-4208-8FE5-055777BFE490} = {6CDEF4D7-52E2-46FE-9393-21EC68820EA4}
		{2072D985-E6A1-482A-A0FB-375F6A1B3B2E} = {93A59772-6D27-4F6B-A809-208F5F4A2B97}
		{586C767B-F205-465F-8212-0508444A0283} = {FB891E03-B63B-4BE7-946F-49E98526A939}
	EndGlobalSection
	GlobalSection(ExtensibilityGlobals) = postSolution
		SolutionGuid = {207EA848-0C1E-4971-855A-128045CC030C}
	EndGlobalSection
EndGlobal
